
Microsoft Visual Studio Solution File, Format Version 12.00
# Visual Studio Version 17
VisualStudioVersion = 17.3.32901.215
MinimumVisualStudioVersion = 10.0.40219.1
Project("{FAE04EC0-301F-11D3-BF4B-00C04F79EFBC}") = "Lab7OOPkurs2", "Lab7OOPkurs2\Lab7OOPkurs2.csproj", "{01ACF9F7-8500-483B-9C8E-747556F17574}"
EndProject
Project("{FAE04EC0-301F-11D3-BF4B-00C04F79EFBC}") = "Delegate array", "Delegate array\Delegate array.csproj", "{18B0B364-0705-46BE-AA8B-AF5CFD6C2A32}"
EndProject
Project("{FAE04EC0-301F-11D3-BF4B-00C04F79EFBC}") = "Anonymous method", "Anonymous method\Anonymous method.csproj", "{24ECF213-2563-4C1C-AF38-1853E23CBA06}"
EndProject
Global
	GlobalSection(SolutionConfigurationPlatforms) = preSolution
		Debug|Any CPU = Debug|Any CPU
		Release|Any CPU = Release|Any CPU
	EndGlobalSection
	GlobalSection(ProjectConfigurationPlatforms) = postSolution
		{01ACF9F7-8500-483B-9C8E-747556F17574}.Debug|Any CPU.ActiveCfg = Debug|Any CPU
		{01ACF9F7-8500-483B-9C8E-747556F17574}.Debug|Any CPU.Build.0 = Debug|Any CPU
		{01ACF9F7-8500-483B-9C8E-747556F17574}.Release|Any CPU.ActiveCfg = Release|Any CPU
		{01ACF9F7-8500-483B-9C8E-747556F17574}.Release|Any CPU.Build.0 = Release|Any CPU
		{18B0B364-0705-46BE-AA8B-AF5CFD6C2A32}.Debug|Any CPU.ActiveCfg = Debug|Any CPU
		{18B0B364-0705-46BE-AA8B-AF5CFD6C2A32}.Debug|Any CPU.Build.0 = Debug|Any CPU
		{18B0B364-0705-46BE-AA8B-AF5CFD6C2A32}.Release|Any CPU.ActiveCfg = Release|Any CPU
		{18B0B364-0705-46BE-AA8B-AF5CFD6C2A32}.Release|Any CPU.Build.0 = Release|Any CPU
		{24ECF213-2563-4C1C-AF38-1853E23CBA06}.Debug|Any CPU.ActiveCfg = Debug|Any CPU
		{24ECF213-2563-4C1C-AF38-1853E23CBA06}.Debug|Any CPU.Build.0 = Debug|Any CPU
		{24ECF213-2563-4C1C-AF38-1853E23CBA06}.Release|Any CPU.ActiveCfg = Release|Any CPU
		{24ECF213-2563-4C1C-AF38-1853E23CBA06}.Release|Any CPU.Build.0 = Release|Any CPU
	EndGlobalSection
	GlobalSection(SolutionProperties) = preSolution
		HideSolutionNode = FALSE
	EndGlobalSection
	GlobalSection(ExtensibilityGlobals) = postSolution
		SolutionGuid = {A5C58284-D5EF-4FC8-B653-9B8CD5F83786}
	EndGlobalSection
EndGlobal
